
Microsoft Visual Studio Solution File, Format Version 12.00
# Visual Studio 2012
Project("{FAE04EC0-301F-11D3-BF4B-00C04F79EFBC}") = "GenericGamedev.OpenTKIntro", "src\GenericGamedev.OpenTKIntro.csproj", "{27D216F7-4999-4D06-AF9F-2B51E09C885A}"
EndProject
Global
	GlobalSection(SolutionConfigurationPlatforms) = preSolution
		Debug|Any CPU = Debug|Any CPU
		Release|Any CPU = Release|Any CPU
	EndGlobalSection
	GlobalSection(ProjectConfigurationPlatforms) = postSolution
		{27D216F7-4999-4D06-AF9F-2B51E09C885A}.Debug|Any CPU.ActiveCfg = Debug|Any CPU
		{27D216F7-4999-4D06-AF9F-2B51E09C885A}.Debug|Any CPU.Build.0 = Debug|Any CPU
		{27D216F7-4999-4D06-AF9F-2B51E09C885A}.Release|Any CPU.ActiveCfg = Release|Any CPU
		{27D216F7-4999-4D06-AF9F-2B51E09C885A}.Release|Any CPU.Build.0 = Release|Any CPU
	EndGlobalSection
	GlobalSection(SolutionProperties) = preSolution
		HideSolutionNode = FALSE
	EndGlobalSection
EndGlobal
